
Microsoft Visual Studio Solution File, Format Version 12.00
# Visual Studio 15
VisualStudioVersion = 15.0.28307.2092
MinimumVisualStudioVersion = 10.0.40219.1
Project("{8BC9CEB8-8B4A-11D0-8D11-00A0C91BC942}") = "hello-vulkan", "hello-vulkan\hello-vulkan.vcxproj", "{DE9706C3-4EA9-449A-B5D8-E06D87880F42}"
EndProject
Global
	GlobalSection(SolutionConfigurationPlatforms) = preSolution
		Debug|x64 = Debug|x64
		Debug|x86 = Debug|x86
		Release|x64 = Release|x64
		Release|x86 = Release|x86
	EndGlobalSection
	GlobalSection(ProjectConfigurationPlatforms) = postSolution
		{DE9706C3-4EA9-449A-B5D8-E06D87880F42}.Debug|x64.ActiveCfg = Debug|x64
		{DE9706C3-4EA9-449A-B5D8-E06D87880F42}.Debug|x64.Build.0 = Debug|x64
		{DE9706C3-4EA9-449A-B5D8-E06D87880F42}.Debug|x86.ActiveCfg = Debug|Win32
		{DE9706C3-4EA9-449A-B5D8-E06D87880F42}.Debug|x86.Build.0 = Debug|Win32
		{DE9706C3-4EA9-449A-B5D8-E06D87880F42}.Release|x64.ActiveCfg = Release|x64
		{DE9706C3-4EA9-449A-B5D8-E06D87880F42}.Release|x64.Build.0 = Release|x64
		{DE9706C3-4EA9-449A-B5D8-E06D87880F42}.Release|x86.ActiveCfg = Release|Win32
		{DE9706C3-4EA9-449A-B5D8-E06D87880F42}.Release|x86.Build.0 = Release|Win32
	EndGlobalSection
	GlobalSection(SolutionProperties) = preSolution
		HideSolutionNode = FALSE
	EndGlobalSection
	GlobalSection(ExtensibilityGlobals) = postSolution
		SolutionGuid = {954576D9-79E6-4BA0-B6DA-B6C52DCB3AD2}
	EndGlobalSection
EndGlobal
